
Microsoft Visual Studio Solution File, Format Version 12.00
# Visual Studio Version 16
VisualStudioVersion = 16.0.31025.194
MinimumVisualStudioVersion = 10.0.40219.1
Project("{9A19103F-16F7-4668-BE54-9A1E7A4F7556}") = "AnuncioWeb", "AnuncioWeb.csproj", "{8AB082F0-641D-4493-9CBB-9454B8D1BF5F}"
EndProject
Global
	GlobalSection(SolutionConfigurationPlatforms) = preSolution
		Debug|Any CPU = Debug|Any CPU
		Release|Any CPU = Release|Any CPU
	EndGlobalSection
	GlobalSection(ProjectConfigurationPlatforms) = postSolution
		{8AB082F0-641D-4493-9CBB-9454B8D1BF5F}.Debug|Any CPU.ActiveCfg = Debug|Any CPU
		{8AB082F0-641D-4493-9CBB-9454B8D1BF5F}.Debug|Any CPU.Build.0 = Debug|Any CPU
		{8AB082F0-641D-4493-9CBB-9454B8D1BF5F}.Release|Any CPU.ActiveCfg = Release|Any CPU
		{8AB082F0-641D-4493-9CBB-9454B8D1BF5F}.Release|Any CPU.Build.0 = Release|Any CPU
	EndGlobalSection
	GlobalSection(SolutionProperties) = preSolution
		HideSolutionNode = FALSE
	EndGlobalSection
	GlobalSection(ExtensibilityGlobals) = postSolution
		SolutionGuid = {DC244B6A-4685-4329-BC3F-93D5CE295B4D}
	EndGlobalSection
EndGlobal
